
Microsoft Visual Studio Solution File, Format Version 12.00
# Visual Studio 15
VisualStudioVersion = 15.0.28307.168
MinimumVisualStudioVersion = 10.0.40219.1
Project("{FAE04EC0-301F-11D3-BF4B-00C04F79EFBC}") = "ListViewSelection.Android", "ListViewSelection\ListViewSelection.Android\ListViewSelection.Android.csproj", "{0A6BC4CF-DCC7-4BE3-A4B2-E4B3FBCDC60A}"
EndProject
Project("{FAE04EC0-301F-11D3-BF4B-00C04F79EFBC}") = "ListViewSelection.iOS", "ListViewSelection\ListViewSelection.iOS\ListViewSelection.iOS.csproj", "{1F29FEA2-258D-45C9-A45B-C5EED87A012D}"
EndProject
Project("{FAE04EC0-301F-11D3-BF4B-00C04F79EFBC}") = "ListViewSelection.UWP", "ListViewSelection\ListViewSelection.UWP\ListViewSelection.UWP.csproj", "{4F5F4267-1FE6-4CC4-8277-A7BD56D61230}"
EndProject
Project("{FAE04EC0-301F-11D3-BF4B-00C04F79EFBC}") = "ListViewSelection", "ListViewSelection\ListViewSelection\ListViewSelection.csproj", "{4853DBAC-3170-4870-A8D8-DA6B957421BA}"
EndProject
Global
	GlobalSection(SolutionConfigurationPlatforms) = preSolution
		Ad-Hoc|Any CPU = Ad-Hoc|Any CPU
		Ad-Hoc|ARM = Ad-Hoc|ARM
		Ad-Hoc|iPhone = Ad-Hoc|iPhone
		Ad-Hoc|iPhoneSimulator = Ad-Hoc|iPhoneSimulator
		Ad-Hoc|x64 = Ad-Hoc|x64
		Ad-Hoc|x86 = Ad-Hoc|x86
		AppStore|Any CPU = AppStore|Any CPU
		AppStore|ARM = AppStore|ARM
		AppStore|iPhone = AppStore|iPhone
		AppStore|iPhoneSimulator = AppStore|iPhoneSimulator
		AppStore|x64 = AppStore|x64
		AppStore|x86 = AppStore|x86
		Debug|Any CPU = Debug|Any CPU
		Debug|ARM = Debug|ARM
		Debug|iPhone = Debug|iPhone
		Debug|iPhoneSimulator = Debug|iPhoneSimulator
		Debug|x64 = Debug|x64
		Debug|x86 = Debug|x86
		Release|Any CPU = Release|Any CPU
		Release|ARM = Release|ARM
		Release|iPhone = Release|iPhone
		Release|iPhoneSimulator = Release|iPhoneSimulator
		Release|x64 = Release|x64
		Release|x86 = Release|x86
	EndGlobalSection
	GlobalSection(ProjectConfigurationPlatforms) = postSolution
		{0A6BC4CF-DCC7-4BE3-A4B2-E4B3FBCDC60A}.Ad-Hoc|Any CPU.ActiveCfg = Release|Any CPU
		{0A6BC4CF-DCC7-4BE3-A4B2-E4B3FBCDC60A}.Ad-Hoc|Any CPU.Build.0 = Release|Any CPU
		{0A6BC4CF-DCC7-4BE3-A4B2-E4B3FBCDC60A}.Ad-Hoc|Any CPU.Deploy.0 = Release|Any CPU
		{0A6BC4CF-DCC7-4BE3-A4B2-E4B3FBCDC60A}.Ad-Hoc|ARM.ActiveCfg = Release|Any CPU
		{0A6BC4CF-DCC7-4BE3-A4B2-E4B3FBCDC60A}.Ad-Hoc|ARM.Build.0 = Release|Any CPU
		{0A6BC4CF-DCC7-4BE3-A4B2-E4B3FBCDC60A}.Ad-Hoc|ARM.Deploy.0 = Release|Any CPU
		{0A6BC4CF-DCC7-4BE3-A4B2-E4B3FBCDC60A}.Ad-Hoc|iPhone.ActiveCfg = Release|Any CPU
		{0A6BC4CF-DCC7-4BE3-A4B2-E4B3FBCDC60A}.Ad-Hoc|iPhone.Build.0 = Release|Any CPU
		{0A6BC4CF-DCC7-4BE3-A4B2-E4B3FBCDC60A}.Ad-Hoc|iPhone.Deploy.0 = Release|Any CPU
		{0A6BC4CF-DCC7-4BE3-A4B2-E4B3FBCDC60A}.Ad-Hoc|iPhoneSimulator.ActiveCfg = Release|Any CPU
		{0A6BC4CF-DCC7-4BE3-A4B2-E4B3FBCDC60A}.Ad-Hoc|iPhoneSimulator.Build.0 = Release|Any CPU
		{0A6BC4CF-DCC7-4BE3-A4B2-E4B3FBCDC60A}.Ad-Hoc|iPhoneSimulator.Deploy.0 = Release|Any CPU
		{0A6BC4CF-DCC7-4BE3-A4B2-E4B3FBCDC60A}.Ad-Hoc|x64.ActiveCfg = Release|Any CPU
		{0A6BC4CF-DCC7-4BE3-A4B2-E4B3FBCDC60A}.Ad-Hoc|x64.Build.0 = Release|Any CPU
		{0A6BC4CF-DCC7-4BE3-A4B2-E4B3FBCDC60A}.Ad-Hoc|x64.Deploy.0 = Release|Any CPU
		{0A6BC4CF-DCC7-4BE3-A4B2-E4B3FBCDC60A}.Ad-Hoc|x86.ActiveCfg = Release|Any CPU
		{0A6BC4CF-DCC7-4BE3-A4B2-E4B3FBCDC60A}.Ad-Hoc|x86.Build.0 = Release|Any CPU
		{0A6BC4CF-DCC7-4BE3-A4B2-E4B3FBCDC60A}.Ad-Hoc|x86.Deploy.0 = Release|Any CPU
		{0A6BC4CF-DCC7-4BE3-A4B2-E4B3FBCDC60A}.AppStore|Any CPU.ActiveCfg = Release|Any CPU
		{0A6BC4CF-DCC7-4BE3-A4B2-E4B3FBCDC60A}.AppStore|Any CPU.Build.0 = Release|Any CPU
		{0A6BC4CF-DCC7-4BE3-A4B2-E4B3FBCDC60A}.AppStore|Any CPU.Deploy.0 = Release|Any CPU
		{0A6BC4CF-DCC7-4BE3-A4B2-E4B3FBCDC60A}.AppStore|ARM.ActiveCfg = Release|Any CPU
		{0A6BC4CF-DCC7-4BE3-A4B2-E4B3FBCDC60A}.AppStore|ARM.Build.0 = Release|Any CPU
		{0A6BC4CF-DCC7-4BE3-A4B2-E4B3FBCDC60A}.AppStore|ARM.Deploy.0 = Release|Any CPU
		{0A6BC4CF-DCC7-4BE3-A4B2-E4B3FBCDC60A}.AppStore|iPhone.ActiveCfg = Release|Any CPU
		{0A6BC4CF-DCC7-4BE3-A4B2-E4B3FBCDC60A}.AppStore|iPhone.Build.0 = Release|Any CPU
		{0A6BC4CF-DCC7-4BE3-A4B2-E4B3FBCDC60A}.AppStore|iPhone.Deploy.0 = Release|Any CPU
		{0A6BC4CF-DCC7-4BE3-A4B2-E4B3FBCDC60A}.AppStore|iPhoneSimulator.ActiveCfg = Release|Any CPU
		{0A6BC4CF-DCC7-4BE3-A4B2-E4B3FBCDC60A}.AppStore|iPhoneSimulator.Build.0 = Release|Any CPU
		{0A6BC4CF-DCC7-4BE3-A4B2-E4B3FBCDC60A}.AppStore|iPhoneSimulator.Deploy.0 = Release|Any CPU
		{0A6BC4CF-DCC7-4BE3-A4B2-E4B3FBCDC60A}.AppStore|x64.ActiveCfg = Release|Any CPU
		{0A6BC4CF-DCC7-4BE3-A4B2-E4B3FBCDC60A}.AppStore|x64.Build.0 = Release|Any CPU
		{0A6BC4CF-DCC7-4BE3-A4B2-E4B3FBCDC60A}.AppStore|x64.Deploy.0 = Release|Any CPU
		{0A6BC4CF-DCC7-4BE3-A4B2-E4B3FBCDC60A}.AppStore|x86.ActiveCfg = Release|Any CPU
		{0A6BC4CF-DCC7-4BE3-A4B2-E4B3FBCDC60A}.AppStore|x86.Build.0 = Release|Any CPU
		{0A6BC4CF-DCC7-4BE3-A4B2-E4B3FBCDC60A}.AppStore|x86.Deploy.0 = Release|Any CPU
		{0A6BC4CF-DCC7-4BE3-A4B2-E4B3FBCDC60A}.Debug|Any CPU.ActiveCfg = Debug|Any CPU
		{0A6BC4CF-DCC7-4BE3-A4B2-E4B3FBCDC60A}.Debug|Any CPU.Build.0 = Debug|Any CPU
		{0A6BC4CF-DCC7-4BE3-A4B2-E4B3FBCDC60A}.Debug|Any CPU.Deploy.0 = Debug|Any CPU
		{0A6BC4CF-DCC7-4BE3-A4B2-E4B3FBCDC60A}.Debug|ARM.ActiveCfg = Debug|Any CPU
		{0A6BC4CF-DCC7-4BE3-A4B2-E4B3FBCDC60A}.Debug|ARM.Build.0 = Debug|Any CPU
		{0A6BC4CF-DCC7-4BE3-A4B2-E4B3FBCDC60A}.Debug|ARM.Deploy.0 = Debug|Any CPU
		{0A6BC4CF-DCC7-4BE3-A4B2-E4B3FBCDC60A}.Debug|iPhone.ActiveCfg = Debug|Any CPU
		{0A6BC4CF-DCC7-4BE3-A4B2-E4B3FBCDC60A}.Debug|iPhone.Build.0 = Debug|Any CPU
		{0A6BC4CF-DCC7-4BE3-A4B2-E4B3FBCDC60A}.Debug|iPhone.Deploy.0 = Debug|Any CPU
		{0A6BC4CF-DCC7-4BE3-A4B2-E4B3FBCDC60A}.Debug|iPhoneSimulator.ActiveCfg = Debug|Any CPU
		{0A6BC4CF-DCC7-4BE3-A4B2-E4B3FBCDC60A}.Debug|iPhoneSimulator.Build.0 = Debug|Any CPU
		{0A6BC4CF-DCC7-4BE3-A4B2-E4B3FBCDC60A}.Debug|iPhoneSimulator.Deploy.0 = Debug|Any CPU
		{0A6BC4CF-DCC7-4BE3-A4B2-E4B3FBCDC60A}.Debug|x64.ActiveCfg = Debug|Any CPU
		{0A6BC4CF-DCC7-4BE3-A4B2-E4B3FBCDC60A}.Debug|x64.Build.0 = Debug|Any CPU
		{0A6BC4CF-DCC7-4BE3-A4B2-E4B3FBCDC60A}.Debug|x64.Deploy.0 = Debug|Any CPU
		{0A6BC4CF-DCC7-4BE3-A4B2-E4B3FBCDC60A}.Debug|x86.ActiveCfg = Debug|Any CPU
		{0A6BC4CF-DCC7-4BE3-A4B2-E4B3FBCDC60A}.Debug|x86.Build.0 = Debug|Any CPU
		{0A6BC4CF-DCC7-4BE3-A4B2-E4B3FBCDC60A}.Debug|x86.Deploy.0 = Debug|Any CPU
		{0A6BC4CF-DCC7-4BE3-A4B2-E4B3FBCDC60A}.Release|Any CPU.ActiveCfg = Release|Any CPU
		{0A6BC4CF-DCC7-4BE3-A4B2-E4B3FBCDC60A}.Release|Any CPU.Build.0 = Release|Any CPU
		{0A6BC4CF-DCC7-4BE3-A4B2-E4B3FBCDC60A}.Release|Any CPU.Deploy.0 = Release|Any CPU
		{0A6BC4CF-DCC7-4BE3-A4B2-E4B3FBCDC60A}.Release|ARM.ActiveCfg = Release|Any CPU
		{0A6BC4CF-DCC7-4BE3-A4B2-E4B3FBCDC60A}.Release|ARM.Build.0 = Release|Any CPU
		{0A6BC4CF-DCC7-4BE3-A4B2-E4B3FBCDC60A}.Release|ARM.Deploy.0 = Release|Any CPU
		{0A6BC4CF-DCC7-4BE3-A4B2-E4B3FBCDC60A}.Release|iPhone.ActiveCfg = Release|Any CPU
		{0A6BC4CF-DCC7-4BE3-A4B2-E4B3FBCDC60A}.Release|iPhone.Build.0 = Release|Any CPU
		{0A6BC4CF-DCC7-4BE3-A4B2-E4B3FBCDC60A}.Release|iPhone.Deploy.0 = Release|Any CPU
		{0A6BC4CF-DCC7-4BE3-A4B2-E4B3FBCDC60A}.Release|iPhoneSimulator.ActiveCfg = Release|Any CPU
		{0A6BC4CF-DCC7-4BE3-A4B2-E4B3FBCDC60A}.Release|iPhoneSimulator.Build.0 = Release|Any CPU
		{0A6BC4CF-DCC7-4BE3-A4B2-E4B3FBCDC60A}.Release|iPhoneSimulator.Deploy.0 = Release|Any CPU
		{0A6BC4CF-DCC7-4BE3-A4B2-E4B3FBCDC60A}.Release|x64.ActiveCfg = Release|Any CPU
		{0A6BC4CF-DCC7-4BE3-A4B2-E4B3FBCDC60A}.Release|x64.Build.0 = Release|Any CPU
		{0A6BC4CF-DCC7-4BE3-A4B2-E4B3FBCDC60A}.Release|x64.Deploy.0 = Release|Any CPU
		{0A6BC4CF-DCC7-4BE3-A4B2-E4B3FBCDC60A}.Release|x86.ActiveCfg = Release|Any CPU
		{0A6BC4CF-DCC7-4BE3-A4B2-E4B3FBCDC60A}.Release|x86.Build.0 = Release|Any CPU
		{0A6BC4CF-DCC7-4BE3-A4B2-E4B3FBCDC60A}.Release|x86.Deploy.0 = Release|Any CPU
		{1F29FEA2-258D-45C9-A45B-C5EED87A012D}.Ad-Hoc|Any CPU.ActiveCfg = Ad-Hoc|iPhone
		{1F29FEA2-258D-45C9-A45B-C5EED87A012D}.Ad-Hoc|Any CPU.Build.0 = Ad-Hoc|iPhone
		{1F29FEA2-258D-45C9-A45B-C5EED87A012D}.Ad-Hoc|Any CPU.Deploy.0 = Ad-Hoc|iPhone
		{1F29FEA2-258D-45C9-A45B-C5EED87A012D}.Ad-Hoc|ARM.ActiveCfg = Ad-Hoc|iPhone
		{1F29FEA2-258D-45C9-A45B-C5EED87A012D}.Ad-Hoc|ARM.Build.0 = Ad-Hoc|iPhone
		{1F29FEA2-258D-45C9-A45B-C5EED87A012D}.Ad-Hoc|ARM.Deploy.0 = Ad-Hoc|iPhone
		{1F29FEA2-258D-45C9-A45B-C5EED87A012D}.Ad-Hoc|iPhone.ActiveCfg = Ad-Hoc|iPhone
		{1F29FEA2-258D-45C9-A45B-C5EED87A012D}.Ad-Hoc|iPhone.Build.0 = Ad-Hoc|iPhone
		{1F29FEA2-258D-45C9-A45B-C5EED87A012D}.Ad-Hoc|iPhone.Deploy.0 = Ad-Hoc|iPhone
		{1F29FEA2-258D-45C9-A45B-C5EED87A012D}.Ad-Hoc|iPhoneSimulator.ActiveCfg = Ad-Hoc|iPhoneSimulator
		{1F29FEA2-258D-45C9-A45B-C5EED87A012D}.Ad-Hoc|iPhoneSimulator.Build.0 = Ad-Hoc|iPhoneSimulator
		{1F29FEA2-258D-45C9-A45B-C5EED87A012D}.Ad-Hoc|iPhoneSimulator.Deploy.0 = Ad-Hoc|iPhoneSimulator
		{1F29FEA2-258D-45C9-A45B-C5EED87A012D}.Ad-Hoc|x64.ActiveCfg = Ad-Hoc|iPhone
		{1F29FEA2-258D-45C9-A45B-C5EED87A012D}.Ad-Hoc|x64.Build.0 = Ad-Hoc|iPhone
		{1F29FEA2-258D-45C9-A45B-C5EED87A012D}.Ad-Hoc|x64.Deploy.0 = Ad-Hoc|iPhone
		{1F29FEA2-258D-45C9-A45B-C5EED87A012D}.Ad-Hoc|x86.ActiveCfg = Ad-Hoc|iPhone
		{1F29FEA2-258D-45C9-A45B-C5EED87A012D}.Ad-Hoc|x86.Build.0 = Ad-Hoc|iPhone
		{1F29FEA2-258D-45C9-A45B-C5EED87A012D}.Ad-Hoc|x86.Deploy.0 = Ad-Hoc|iPhone
		{1F29FEA2-258D-45C9-A45B-C5EED87A012D}.AppStore|Any CPU.ActiveCfg = AppStore|iPhone
		{1F29FEA2-258D-45C9-A45B-C5EED87A012D}.AppStore|Any CPU.Build.0 = AppStore|iPhone
		{1F29FEA2-258D-45C9-A45B-C5EED87A012D}.AppStore|Any CPU.Deploy.0 = AppStore|iPhone
		{1F29FEA2-258D-45C9-A45B-C5EED87A012D}.AppStore|ARM.ActiveCfg = AppStore|iPhone
		{1F29FEA2-258D-45C9-A45B-C5EED87A012D}.AppStore|ARM.Build.0 = AppStore|iPhone
		{1F29FEA2-258D-45C9-A45B-C5EED87A012D}.AppStore|ARM.Deploy.0 = AppStore|iPhone
		{1F29FEA2-258D-45C9-A45B-C5EED87A012D}.AppStore|iPhone.ActiveCfg = AppStore|iPhone
		{1F29FEA2-258D-45C9-A45B-C5EED87A012D}.AppStore|iPhone.Build.0 = AppStore|iPhone
		{1F29FEA2-258D-45C9-A45B-C5EED87A012D}.AppStore|iPhone.Deploy.0 = AppStore|iPhone
		{1F29FEA2-258D-45C9-A45B-C5EED87A012D}.AppStore|iPhoneSimulator.ActiveCfg = AppStore|iPhoneSimulator
		{1F29FEA2-258D-45C9-A45B-C5EED87A012D}.AppStore|iPhoneSimulator.Build.0 = AppStore|iPhoneSimulator
		{1F29FEA2-258D-45C9-A45B-C5EED87A012D}.AppStore|iPhoneSimulator.Deploy.0 = AppStore|iPhoneSimulator
		{1F29FEA2-258D-45C9-A45B-C5EED87A012D}.AppStore|x64.ActiveCfg = AppStore|iPhone
		{1F29FEA2-258D-45C9-A45B-C5EED87A012D}.AppStore|x64.Build.0 = AppStore|iPhone
		{1F29FEA2-258D-45C9-A45B-C5EED87A012D}.AppStore|x64.Deploy.0 = AppStore|iPhone
		{1F29FEA2-258D-45C9-A45B-C5EED87A012D}.AppStore|x86.ActiveCfg = AppStore|iPhone
		{1F29FEA2-258D-45C9-A45B-C5EED87A012D}.AppStore|x86.Build.0 = AppStore|iPhone
		{1F29FEA2-258D-45C9-A45B-C5EED87A012D}.AppStore|x86.Deploy.0 = AppStore|iPhone
		{1F29FEA2-258D-45C9-A45B-C5EED87A012D}.Debug|Any CPU.ActiveCfg = Debug|iPhoneSimulator
		{1F29FEA2-258D-45C9-A45B-C5EED87A012D}.Debug|Any CPU.Build.0 = Debug|iPhoneSimulator
		{1F29FEA2-258D-45C9-A45B-C5EED87A012D}.Debug|Any CPU.Deploy.0 = Debug|iPhoneSimulator
		{1F29FEA2-258D-45C9-A45B-C5EED87A012D}.Debug|ARM.ActiveCfg = Debug|iPhone
		{1F29FEA2-258D-45C9-A45B-C5EED87A012D}.Debug|ARM.Build.0 = Debug|iPhone
		{1F29FEA2-258D-45C9-A45B-C5EED87A012D}.Debug|ARM.Deploy.0 = Debug|iPhone
		{1F29FEA2-258D-45C9-A45B-C5EED87A012D}.Debug|iPhone.ActiveCfg = Debug|iPhone
		{1F29FEA2-258D-45C9-A45B-C5EED87A012D}.Debug|iPhone.Build.0 = Debug|iPhone
		{1F29FEA2-258D-45C9-A45B-C5EED87A012D}.Debug|iPhone.Deploy.0 = Debug|iPhone
		{1F29FEA2-258D-45C9-A45B-C5EED87A012D}.Debug|iPhoneSimulator.ActiveCfg = Debug|iPhoneSimulator
		{1F29FEA2-258D-45C9-A45B-C5EED87A012D}.Debug|iPhoneSimulator.Build.0 = Debug|iPhoneSimulator
		{1F29FEA2-258D-45C9-A45B-C5EED87A012D}.Debug|iPhoneSimulator.Deploy.0 = Debug|iPhoneSimulator
		{1F29FEA2-258D-45C9-A45B-C5EED87A012D}.Debug|x64.ActiveCfg = Debug|iPhone
		{1F29FEA2-258D-45C9-A45B-C5EED87A012D}.Debug|x64.Build.0 = Debug|iPhone
		{1F29FEA2-258D-45C9-A45B-C5EED87A012D}.Debug|x64.Deploy.0 = Debug|iPhone
		{1F29FEA2-258D-45C9-A45B-C5EED87A012D}.Debug|x86.ActiveCfg = Debug|iPhone
		{1F29FEA2-258D-45C9-A45B-C5EED87A012D}.Debug|x86.Build.0 = Debug|iPhone
		{1F29FEA2-258D-45C9-A45B-C5EED87A012D}.Debug|x86.Deploy.0 = Debug|iPhone
		{1F29FEA2-258D-45C9-A45B-C5EED87A012D}.Release|Any CPU.ActiveCfg = Release|iPhone
		{1F29FEA2-258D-45C9-A45B-C5EED87A012D}.Release|Any CPU.Build.0 = Release|iPhone
		{1F29FEA2-258D-45C9-A45B-C5EED87A012D}.Release|Any CPU.Deploy.0 = Release|iPhone
		{1F29FEA2-258D-45C9-A45B-C5EED87A012D}.Release|ARM.ActiveCfg = Release|iPhone
		{1F29FEA2-258D-45C9-A45B-C5EED87A012D}.Release|ARM.Build.0 = Release|iPhone
		{1F29FEA2-258D-45C9-A45B-C5EED87A012D}.Release|ARM.Deploy.0 = Release|iPhone
		{1F29FEA2-258D-45C9-A45B-C5EED87A012D}.Release|iPhone.ActiveCfg = Release|iPhone
		{1F29FEA2-258D-45C9-A45B-C5EED87A012D}.Release|iPhone.Build.0 = Release|iPhone
		{1F29FEA2-258D-45C9-A45B-C5EED87A012D}.Release|iPhone.Deploy.0 = Release|iPhone
		{1F29FEA2-258D-45C9-A45B-C5EED87A012D}.Release|iPhoneSimulator.ActiveCfg = Release|iPhoneSimulator
		{1F29FEA2-258D-45C9-A45B-C5EED87A012D}.Release|iPhoneSimulator.Build.0 = Release|iPhoneSimulator
		{1F29FEA2-258D-45C9-A45B-C5EED87A012D}.Release|iPhoneSimulator.Deploy.0 = Release|iPhoneSimulator
		{1F29FEA2-258D-45C9-A45B-C5EED87A012D}.Release|x64.ActiveCfg = Release|iPhone
		{1F29FEA2-258D-45C9-A45B-C5EED87A012D}.Release|x64.Build.0 = Release|iPhone
		{1F29FEA2-258D-45C9-A45B-C5EED87A012D}.Release|x64.Deploy.0 = Release|iPhone
		{1F29FEA2-258D-45C9-A45B-C5EED87A012D}.Release|x86.ActiveCfg = Release|iPhone
		{1F29FEA2-258D-45C9-A45B-C5EED87A012D}.Release|x86.Build.0 = Release|iPhone
		{1F29FEA2-258D-45C9-A45B-C5EED87A012D}.Release|x86.Deploy.0 = Release|iPhone
		{4F5F4267-1FE6-4CC4-8277-A7BD56D61230}.Ad-Hoc|Any CPU.ActiveCfg = Release|x86
		{4F5F4267-1FE6-4CC4-8277-A7BD56D61230}.Ad-Hoc|Any CPU.Build.0 = Release|x86
		{4F5F4267-1FE6-4CC4-8277-A7BD56D61230}.Ad-Hoc|Any CPU.Deploy.0 = Release|x86
		{4F5F4267-1FE6-4CC4-8277-A7BD56D61230}.Ad-Hoc|ARM.ActiveCfg = Release|ARM
		{4F5F4267-1FE6-4CC4-8277-A7BD56D61230}.Ad-Hoc|ARM.Build.0 = Release|ARM
		{4F5F4267-1FE6-4CC4-8277-A7BD56D61230}.Ad-Hoc|ARM.Deploy.0 = Release|ARM
		{4F5F4267-1FE6-4CC4-8277-A7BD56D61230}.Ad-Hoc|iPhone.ActiveCfg = Release|x86
		{4F5F4267-1FE6-4CC4-8277-A7BD56D61230}.Ad-Hoc|iPhone.Build.0 = Release|x86
		{4F5F4267-1FE6-4CC4-8277-A7BD56D61230}.Ad-Hoc|iPhone.Deploy.0 = Release|x86
		{4F5F4267-1FE6-4CC4-8277-A7BD56D61230}.Ad-Hoc|iPhoneSimulator.ActiveCfg = Release|x86
		{4F5F4267-1FE6-4CC4-8277-A7BD56D61230}.Ad-Hoc|iPhoneSimulator.Build.0 = Release|x86
		{4F5F4267-1FE6-4CC4-8277-A7BD56D61230}.Ad-Hoc|iPhoneSimulator.Deploy.0 = Release|x86
		{4F5F4267-1FE6-4CC4-8277-A7BD56D61230}.Ad-Hoc|x64.ActiveCfg = Release|x64
		{4F5F4267-1FE6-4CC4-8277-A7BD56D61230}.Ad-Hoc|x64.Build.0 = Release|x64
		{4F5F4267-1FE6-4CC4-8277-A7BD56D61230}.Ad-Hoc|x64.Deploy.0 = Release|x64
		{4F5F4267-1FE6-4CC4-8277-A7BD56D61230}.Ad-Hoc|x86.ActiveCfg = Release|x86
		{4F5F4267-1FE6-4CC4-8277-A7BD56D61230}.Ad-Hoc|x86.Build.0 = Release|x86
		{4F5F4267-1FE6-4CC4-8277-A7BD56D61230}.Ad-Hoc|x86.Deploy.0 = Release|x86
		{4F5F4267-1FE6-4CC4-8277-A7BD56D61230}.AppStore|Any CPU.ActiveCfg = Release|x86
		{4F5F4267-1FE6-4CC4-8277-A7BD56D61230}.AppStore|Any CPU.Build.0 = Release|x86
		{4F5F4267-1FE6-4CC4-8277-A7BD56D61230}.AppStore|Any CPU.Deploy.0 = Release|x86
		{4F5F4267-1FE6-4CC4-8277-A7BD56D61230}.AppStore|ARM.ActiveCfg = Release|ARM
		{4F5F4267-1FE6-4CC4-8277-A7BD56D61230}.AppStore|ARM.Build.0 = Release|ARM
		{4F5F4267-1FE6-4CC4-8277-A7BD56D61230}.AppStore|ARM.Deploy.0 = Release|ARM
		{4F5F4267-1FE6-4CC4-8277-A7BD56D61230}.AppStore|iPhone.ActiveCfg = Release|x86
		{4F5F4267-1FE6-4CC4-8277-A7BD56D61230}.AppStore|iPhone.Build.0 = Release|x86
		{4F5F4267-1FE6-4CC4-8277-A7BD56D61230}.AppStore|iPhone.Deploy.0 = Release|x86
		{4F5F4267-1FE6-4CC4-8277-A7BD56D61230}.AppStore|iPhoneSimulator.ActiveCfg = Release|x86
		{4F5F4267-1FE6-4CC4-8277-A7BD56D61230}.AppStore|iPhoneSimulator.Build.0 = Release|x86
		{4F5F4267-1FE6-4CC4-8277-A7BD56D61230}.AppStore|iPhoneSimulator.Deploy.0 = Release|x86
		{4F5F4267-1FE6-4CC4-8277-A7BD56D61230}.AppStore|x64.ActiveCfg = Release|x64
		{4F5F4267-1FE6-4CC4-8277-A7BD56D61230}.AppStore|x64.Build.0 = Release|x64
		{4F5F4267-1FE6-4CC4-8277-A7BD56D61230}.AppStore|x64.Deploy.0 = Release|x64
		{4F5F4267-1FE6-4CC4-8277-A7BD56D61230}.AppStore|x86.ActiveCfg = Release|x86
		{4F5F4267-1FE6-4CC4-8277-A7BD56D61230}.AppStore|x86.Build.0 = Release|x86
		{4F5F4267-1FE6-4CC4-8277-A7BD56D61230}.AppStore|x86.Deploy.0 = Release|x86
		{4F5F4267-1FE6-4CC4-8277-A7BD56D61230}.Debug|Any CPU.ActiveCfg = Debug|x86
		{4F5F4267-1FE6-4CC4-8277-A7BD56D61230}.Debug|Any CPU.Build.0 = Debug|x86
		{4F5F4267-1FE6-4CC4-8277-A7BD56D61230}.Debug|Any CPU.Deploy.0 = Debug|x86
		{4F5F4267-1FE6-4CC4-8277-A7BD56D61230}.Debug|ARM.ActiveCfg = Debug|ARM
		{4F5F4267-1FE6-4CC4-8277-A7BD56D61230}.Debug|ARM.Build.0 = Debug|ARM
		{4F5F4267-1FE6-4CC4-8277-A7BD56D61230}.Debug|ARM.Deploy.0 = Debug|ARM
		{4F5F4267-1FE6-4CC4-8277-A7BD56D61230}.Debug|iPhone.ActiveCfg = Debug|x86
		{4F5F4267-1FE6-4CC4-8277-A7BD56D61230}.Debug|iPhone.Build.0 = Debug|x86
		{4F5F4267-1FE6-4CC4-8277-A7BD56D61230}.Debug|iPhone.Deploy.0 = Debug|x86
		{4F5F4267-1FE6-4CC4-8277-A7BD56D61230}.Debug|iPhoneSimulator.ActiveCfg = Debug|x86
		{4F5F4267-1FE6-4CC4-8277-A7BD56D61230}.Debug|iPhoneSimulator.Build.0 = Debug|x86
		{4F5F4267-1FE6-4CC4-8277-A7BD56D61230}.Debug|iPhoneSimulator.Deploy.0 = Debug|x86
		{4F5F4267-1FE6-4CC4-8277-A7BD56D61230}.Debug|x64.ActiveCfg = Debug|x64
		{4F5F4267-1FE6-4CC4-8277-A7BD56D61230}.Debug|x64.Build.0 = Debug|x64
		{4F5F4267-1FE6-4CC4-8277-A7BD56D61230}.Debug|x64.Deploy.0 = Debug|x64
		{4F5F4267-1FE6-4CC4-8277-A7BD56D61230}.Debug|x86.ActiveCfg = Debug|x86
		{4F5F4267-1FE6-4CC4-8277-A7BD56D61230}.Debug|x86.Build.0 = Debug|x86
		{4F5F4267-1FE6-4CC4-8277-A7BD56D61230}.Debug|x86.Deploy.0 = Debug|x86
		{4F5F4267-1FE6-4CC4-8277-A7BD56D61230}.Release|Any CPU.ActiveCfg = Release|x86
		{4F5F4267-1FE6-4CC4-8277-A7BD56D61230}.Release|Any CPU.Build.0 = Release|x86
		{4F5F4267-1FE6-4CC4-8277-A7BD56D61230}.Release|Any CPU.Deploy.0 = Release|x86
		{4F5F4267-1FE6-4CC4-8277-A7BD56D61230}.Release|ARM.ActiveCfg = Release|ARM
		{4F5F4267-1FE6-4CC4-8277-A7BD56D61230}.Release|ARM.Build.0 = Release|ARM
		{4F5F4267-1FE6-4CC4-8277-A7BD56D61230}.Release|ARM.Deploy.0 = Release|ARM
		{4F5F4267-1FE6-4CC4-8277-A7BD56D61230}.Release|iPhone.ActiveCfg = Release|x86
		{4F5F4267-1FE6-4CC4-8277-A7BD56D61230}.Release|iPhone.Build.0 = Release|x86
		{4F5F4267-1FE6-4CC4-8277-A7BD56D61230}.Release|iPhone.Deploy.0 = Release|x86
		{4F5F4267-1FE6-4CC4-8277-A7BD56D61230}.Release|iPhoneSimulator.ActiveCfg = Release|x86
		{4F5F4267-1FE6-4CC4-8277-A7BD56D61230}.Release|iPhoneSimulator.Build.0 = Release|x86
		{4F5F4267-1FE6-4CC4-8277-A7BD56D61230}.Release|iPhoneSimulator.Deploy.0 = Release|x86
		{4F5F4267-1FE6-4CC4-8277-A7BD56D61230}.Release|x64.ActiveCfg = Release|x64
		{4F5F4267-1FE6-4CC4-8277-A7BD56D61230}.Release|x64.Build.0 = Release|x64
		{4F5F4267-1FE6-4CC4-8277-A7BD56D61230}.Release|x64.Deploy.0 = Release|x64
		{4F5F4267-1FE6-4CC4-8277-A7BD56D61230}.Release|x86.ActiveCfg = Release|x86
		{4F5F4267-1FE6-4CC4-8277-A7BD56D61230}.Release|x86.Build.0 = Release|x86
		{4F5F4267-1FE6-4CC4-8277-A7BD56D61230}.Release|x86.Deploy.0 = Release|x86
		{4853DBAC-3170-4870-A8D8-DA6B957421BA}.Ad-Hoc|Any CPU.ActiveCfg = Debug|Any CPU
		{4853DBAC-3170-4870-A8D8-DA6B957421BA}.Ad-Hoc|Any CPU.Build.0 = Debug|Any CPU
		{4853DBAC-3170-4870-A8D8-DA6B957421BA}.Ad-Hoc|Any CPU.Deploy.0 = Debug|Any CPU
		{4853DBAC-3170-4870-A8D8-DA6B957421BA}.Ad-Hoc|ARM.ActiveCfg = Debug|Any CPU
		{4853DBAC-3170-4870-A8D8-DA6B957421BA}.Ad-Hoc|ARM.Build.0 = Debug|Any CPU
		{4853DBAC-3170-4870-A8D8-DA6B957421BA}.Ad-Hoc|ARM.Deploy.0 = Debug|Any CPU
		{4853DBAC-3170-4870-A8D8-DA6B957421BA}.Ad-Hoc|iPhone.ActiveCfg = Debug|Any CPU
		{4853DBAC-3170-4870-A8D8-DA6B957421BA}.Ad-Hoc|iPhone.Build.0 = Debug|Any CPU
		{4853DBAC-3170-4870-A8D8-DA6B957421BA}.Ad-Hoc|iPhone.Deploy.0 = Debug|Any CPU
		{4853DBAC-3170-4870-A8D8-DA6B957421BA}.Ad-Hoc|iPhoneSimulator.ActiveCfg = Debug|Any CPU
		{4853DBAC-3170-4870-A8D8-DA6B957421BA}.Ad-Hoc|iPhoneSimulator.Build.0 = Debug|Any CPU
		{4853DBAC-3170-4870-A8D8-DA6B957421BA}.Ad-Hoc|iPhoneSimulator.Deploy.0 = Debug|Any CPU
		{4853DBAC-3170-4870-A8D8-DA6B957421BA}.Ad-Hoc|x64.ActiveCfg = Debug|Any CPU
		{4853DBAC-3170-4870-A8D8-DA6B957421BA}.Ad-Hoc|x64.Build.0 = Debug|Any CPU
		{4853DBAC-3170-4870-A8D8-DA6B957421BA}.Ad-Hoc|x64.Deploy.0 = Debug|Any CPU
		{4853DBAC-3170-4870-A8D8-DA6B957421BA}.Ad-Hoc|x86.ActiveCfg = Debug|Any CPU
		{4853DBAC-3170-4870-A8D8-DA6B957421BA}.Ad-Hoc|x86.Build.0 = Debug|Any CPU
		{4853DBAC-3170-4870-A8D8-DA6B957421BA}.Ad-Hoc|x86.Deploy.0 = Debug|Any CPU
		{4853DBAC-3170-4870-A8D8-DA6B957421BA}.AppStore|Any CPU.ActiveCfg = Debug|Any CPU
		{4853DBAC-3170-4870-A8D8-DA6B957421BA}.AppStore|Any CPU.Build.0 = Debug|Any CPU
		{4853DBAC-3170-4870-A8D8-DA6B957421BA}.AppStore|Any CPU.Deploy.0 = Debug|Any CPU
		{4853DBAC-3170-4870-A8D8-DA6B957421BA}.AppStore|ARM.ActiveCfg = Debug|Any CPU
		{4853DBAC-3170-4870-A8D8-DA6B957421BA}.AppStore|ARM.Build.0 = Debug|Any CPU
		{4853DBAC-3170-4870-A8D8-DA6B957421BA}.AppStore|ARM.Deploy.0 = Debug|Any CPU
		{4853DBAC-3170-4870-A8D8-DA6B957421BA}.AppStore|iPhone.ActiveCfg = Debug|Any CPU
		{4853DBAC-3170-4870-A8D8-DA6B957421BA}.AppStore|iPhone.Build.0 = Debug|Any CPU
		{4853DBAC-3170-4870-A8D8-DA6B957421BA}.AppStore|iPhone.Deploy.0 = Debug|Any CPU
		{4853DBAC-3170-4870-A8D8-DA6B957421BA}.AppStore|iPhoneSimulator.ActiveCfg = Debug|Any CPU
		{4853DBAC-3170-4870-A8D8-DA6B957421BA}.AppStore|iPhoneSimulator.Build.0 = Debug|Any CPU
		{4853DBAC-3170-4870-A8D8-DA6B957421BA}.AppStore|iPhoneSimulator.Deploy.0 = Debug|Any CPU
		{4853DBAC-3170-4870-A8D8-DA6B957421BA}.AppStore|x64.ActiveCfg = Debug|Any CPU
		{4853DBAC-3170-4870-A8D8-DA6B957421BA}.AppStore|x64.Build.0 = Debug|Any CPU
		{4853DBAC-3170-4870-A8D8-DA6B957421BA}.AppStore|x64.Deploy.0 = Debug|Any CPU
		{4853DBAC-3170-4870-A8D8-DA6B957421BA}.AppStore|x86.ActiveCfg = Debug|Any CPU
		{4853DBAC-3170-4870-A8D8-DA6B957421BA}.AppStore|x86.Build.0 = Debug|Any CPU
		{4853DBAC-3170-4870-A8D8-DA6B957421BA}.AppStore|x86.Deploy.0 = Debug|Any CPU
		{4853DBAC-3170-4870-A8D8-DA6B957421BA}.Debug|Any CPU.ActiveCfg = Debug|Any CPU
		{4853DBAC-3170-4870-A8D8-DA6B957421BA}.Debug|Any CPU.Build.0 = Debug|Any CPU
		{4853DBAC-3170-4870-A8D8-DA6B957421BA}.Debug|Any CPU.Deploy.0 = Debug|Any CPU
		{4853DBAC-3170-4870-A8D8-DA6B957421BA}.Debug|ARM.ActiveCfg = Debug|Any CPU
		{4853DBAC-3170-4870-A8D8-DA6B957421BA}.Debug|ARM.Build.0 = Debug|Any CPU
		{4853DBAC-3170-4870-A8D8-DA6B957421BA}.Debug|ARM.Deploy.0 = Debug|Any CPU
		{4853DBAC-3170-4870-A8D8-DA6B957421BA}.Debug|iPhone.ActiveCfg = Debug|Any CPU
		{4853DBAC-3170-4870-A8D8-DA6B957421BA}.Debug|iPhone.Build.0 = Debug|Any CPU
		{4853DBAC-3170-4870-A8D8-DA6B957421BA}.Debug|iPhone.Deploy.0 = Debug|Any CPU
		{4853DBAC-3170-4870-A8D8-DA6B957421BA}.Debug|iPhoneSimulator.ActiveCfg = Debug|Any CPU
		{4853DBAC-3170-4870-A8D8-DA6B957421BA}.Debug|iPhoneSimulator.Build.0 = Debug|Any CPU
		{4853DBAC-3170-4870-A8D8-DA6B957421BA}.Debug|iPhoneSimulator.Deploy.0 = Debug|Any CPU
		{4853DBAC-3170-4870-A8D8-DA6B957421BA}.Debug|x64.ActiveCfg = Debug|Any CPU
		{4853DBAC-3170-4870-A8D8-DA6B957421BA}.Debug|x64.Build.0 = Debug|Any CPU
		{4853DBAC-3170-4870-A8D8-DA6B957421BA}.Debug|x64.Deploy.0 = Debug|Any CPU
		{4853DBAC-3170-4870-A8D8-DA6B957421BA}.Debug|x86.ActiveCfg = Debug|Any CPU
		{4853DBAC-3170-4870-A8D8-DA6B957421BA}.Debug|x86.Build.0 = Debug|Any CPU
		{4853DBAC-3170-4870-A8D8-DA6B957421BA}.Debug|x86.Deploy.0 = Debug|Any CPU
		{4853DBAC-3170-4870-A8D8-DA6B957421BA}.Release|Any CPU.ActiveCfg = Release|Any CPU
		{4853DBAC-3170-4870-A8D8-DA6B957421BA}.Release|Any CPU.Build.0 = Release|Any CPU
		{4853DBAC-3170-4870-A8D8-DA6B957421BA}.Release|Any CPU.Deploy.0 = Release|Any CPU
		{4853DBAC-3170-4870-A8D8-DA6B957421BA}.Release|ARM.ActiveCfg = Release|Any CPU
		{4853DBAC-3170-4870-A8D8-DA6B957421BA}.Release|ARM.Build.0 = Release|Any CPU
		{4853DBAC-3170-4870-A8D8-DA6B957421BA}.Release|ARM.Deploy.0 = Release|Any CPU
		{4853DBAC-3170-4870-A8D8-DA6B957421BA}.Release|iPhone.ActiveCfg = Release|Any CPU
		{4853DBAC-3170-4870-A8D8-DA6B957421BA}.Release|iPhone.Build.0 = Release|Any CPU
		{4853DBAC-3170-4870-A8D8-DA6B957421BA}.Release|iPhone.Deploy.0 = Release|Any CPU
		{4853DBAC-3170-4870-A8D8-DA6B957421BA}.Release|iPhoneSimulator.ActiveCfg = Release|Any CPU
		{4853DBAC-3170-4870-A8D8-DA6B957421BA}.Release|iPhoneSimulator.Build.0 = Release|Any CPU
		{4853DBAC-3170-4870-A8D8-DA6B957421BA}.Release|iPhoneSimulator.Deploy.0 = Release|Any CPU
		{4853DBAC-3170-4870-A8D8-DA6B957421BA}.Release|x64.ActiveCfg = Release|Any CPU
		{4853DBAC-3170-4870-A8D8-DA6B957421BA}.Release|x64.Build.0 = Release|Any CPU
		{4853DBAC-3170-4870-A8D8-DA6B957421BA}.Release|x64.Deploy.0 = Release|Any CPU
		{4853DBAC-3170-4870-A8D8-DA6B957421BA}.Release|x86.ActiveCfg = Release|Any CPU
		{4853DBAC-3170-4870-A8D8-DA6B957421BA}.Release|x86.Build.0 = Release|Any CPU
		{4853DBAC-3170-4870-A8D8-DA6B957421BA}.Release|x86.Deploy.0 = Release|Any CPU
	EndGlobalSection
	GlobalSection(SolutionProperties) = preSolution
		HideSolutionNode = FALSE
	EndGlobalSection
	GlobalSection(ExtensibilityGlobals) = postSolution
		SolutionGuid = {BA234234-35A3-479D-ADBB-AD40D7F9DFA1}
	EndGlobalSection
EndGlobal
